
Microsoft Visual Studio Solution File, Format Version 12.00
# Visual Studio Version 17
VisualStudioVersion = 17.0.32014.148
MinimumVisualStudioVersion = 10.0.40219.1
Project("{9A19103F-16F7-4668-BE54-9A1E7A4F7556}") = "DataVal", "DataVal\DataVal.csproj", "{5296DDE7-AFA3-4DD8-9C12-EB699D69E9D7}"
EndProject
Project("{9A19103F-16F7-4668-BE54-9A1E7A4F7556}") = "Common", "..\Common\Common.csproj", "{D838C9D8-AC38-4D6A-805D-3427812C312B}"
EndProject
Project("{9A19103F-16F7-4668-BE54-9A1E7A4F7556}") = "DatValApi", "..\DatValApi\DatValApi.csproj", "{65E93A97-0A0D-4AA3-B57E-5B94F8AFE531}"
EndProject
Global
	GlobalSection(SolutionConfigurationPlatforms) = preSolution
		Debug|Any CPU = Debug|Any CPU
		Release|Any CPU = Release|Any CPU
	EndGlobalSection
	GlobalSection(ProjectConfigurationPlatforms) = postSolution
		{5296DDE7-AFA3-4DD8-9C12-EB699D69E9D7}.Debug|Any CPU.ActiveCfg = Debug|Any CPU
		{5296DDE7-AFA3-4DD8-9C12-EB699D69E9D7}.Debug|Any CPU.Build.0 = Debug|Any CPU
		{5296DDE7-AFA3-4DD8-9C12-EB699D69E9D7}.Release|Any CPU.ActiveCfg = Release|Any CPU
		{5296DDE7-AFA3-4DD8-9C12-EB699D69E9D7}.Release|Any CPU.Build.0 = Release|Any CPU
		{D838C9D8-AC38-4D6A-805D-3427812C312B}.Debug|Any CPU.ActiveCfg = Debug|Any CPU
		{D838C9D8-AC38-4D6A-805D-3427812C312B}.Debug|Any CPU.Build.0 = Debug|Any CPU
		{D838C9D8-AC38-4D6A-805D-3427812C312B}.Release|Any CPU.ActiveCfg = Release|Any CPU
		{D838C9D8-AC38-4D6A-805D-3427812C312B}.Release|Any CPU.Build.0 = Release|Any CPU
		{65E93A97-0A0D-4AA3-B57E-5B94F8AFE531}.Debug|Any CPU.ActiveCfg = Debug|Any CPU
		{65E93A97-0A0D-4AA3-B57E-5B94F8AFE531}.Debug|Any CPU.Build.0 = Debug|Any CPU
		{65E93A97-0A0D-4AA3-B57E-5B94F8AFE531}.Release|Any CPU.ActiveCfg = Release|Any CPU
		{65E93A97-0A0D-4AA3-B57E-5B94F8AFE531}.Release|Any CPU.Build.0 = Release|Any CPU
	EndGlobalSection
	GlobalSection(SolutionProperties) = preSolution
		HideSolutionNode = FALSE
	EndGlobalSection
	GlobalSection(ExtensibilityGlobals) = postSolution
		SolutionGuid = {168A2D84-DCAF-4327-AEBA-5988B726F7EE}
	EndGlobalSection
EndGlobal
